// !$*UTF8*$!
{
	archiveVersion = 1;
	classes = {
	};
	objectVersion = 56;
	objects = {

/* Begin PBXBuildFile section */
		92792E692B1D9FA8004A936C /* CalibrationViewController.swift in Sources */ = {isa = PBXBuildFile; fileRef = 92792E672B1D9FA8004A936C /* CalibrationViewController.swift */; };
		92B15B922B148C860009255D /* AppDelegate.swift in Sources */ = {isa = PBXBuildFile; fileRef = 92B15B912B148C860009255D /* AppDelegate.swift */; };
		92B15B942B148C860009255D /* SceneDelegate.swift in Sources */ = {isa = PBXBuildFile; fileRef = 92B15B932B148C860009255D /* SceneDelegate.swift */; };
		92B15B962B148C860009255D /* SoundSettingViewController.swift in Sources */ = {isa = PBXBuildFile; fileRef = 92B15B952B148C860009255D /* SoundSettingViewController.swift */; };
		92B15B992B148C860009255D /* Main.storyboard in Resources */ = {isa = PBXBuildFile; fileRef = 92B15B972B148C860009255D /* Main.storyboard */; };
		92B15B9B2B148C8A0009255D /* Assets.xcassets in Resources */ = {isa = PBXBuildFile; fileRef = 92B15B9A2B148C8A0009255D /* Assets.xcassets */; };
		92B15B9E2B148C8A0009255D /* LaunchScreen.storyboard in Resources */ = {isa = PBXBuildFile; fileRef = 92B15B9C2B148C8A0009255D /* LaunchScreen.storyboard */; };
		92B15BA72B14A0220009255D /* StepperCollectionViewCell.swift in Sources */ = {isa = PBXBuildFile; fileRef = 92B15BA52B14A0220009255D /* StepperCollectionViewCell.swift */; };
		92B15BA82B14A0220009255D /* StepperCollectionViewCell.xib in Resources */ = {isa = PBXBuildFile; fileRef = 92B15BA62B14A0220009255D /* StepperCollectionViewCell.xib */; };
		92B15BAB2B14B5F90009255D /* InternalSlider.swift in Sources */ = {isa = PBXBuildFile; fileRef = 92B15BAA2B14B5F90009255D /* InternalSlider.swift */; };
		92B15BAD2B14B6240009255D /* VerticalSlider.swift in Sources */ = {isa = PBXBuildFile; fileRef = 92B15BAC2B14B6240009255D /* VerticalSlider.swift */; };
		92B15BBB2B15E5420009255D /* SoundPresetsCollectionViewCell.swift in Sources */ = {isa = PBXBuildFile; fileRef = 92B15BB92B15E5420009255D /* SoundPresetsCollectionViewCell.swift */; };
		92B15BBC2B15E5420009255D /* SoundPresetsCollectionViewCell.xib in Resources */ = {isa = PBXBuildFile; fileRef = 92B15BBA2B15E5420009255D /* SoundPresetsCollectionViewCell.xib */; };
		92B15BBF2B15EFD60009255D /* MutableCollection+Extension.swift in Sources */ = {isa = PBXBuildFile; fileRef = 92B15BBE2B15EFD60009255D /* MutableCollection+Extension.swift */; };
		92B15BC72B15F23E0009255D /* SoundSettingViewModel.swift in Sources */ = {isa = PBXBuildFile; fileRef = 92B15BC62B15F23E0009255D /* SoundSettingViewModel.swift */; };
		92B15BC92B15F26C0009255D /* SoundPresetModel.swift in Sources */ = {isa = PBXBuildFile; fileRef = 92B15BC82B15F26C0009255D /* SoundPresetModel.swift */; };
		92B744172B1EF314001EE2F4 /* HeadTrackingViewController.swift in Sources */ = {isa = PBXBuildFile; fileRef = 92B744162B1EF314001EE2F4 /* HeadTrackingViewController.swift */; };
		92BD30E82B1DB41C00057949 /* CalibrationCollectionViewCell.swift in Sources */ = {isa = PBXBuildFile; fileRef = 92BD30E62B1DB41C00057949 /* CalibrationCollectionViewCell.swift */; };
		92BD30E92B1DB41C00057949 /* CalibrationCollectionViewCell.xib in Resources */ = {isa = PBXBuildFile; fileRef = 92BD30E72B1DB41C00057949 /* CalibrationCollectionViewCell.xib */; };
/* End PBXBuildFile section */

/* Begin PBXFileReference section */
		92792E672B1D9FA8004A936C /* CalibrationViewController.swift */ = {isa = PBXFileReference; lastKnownFileType = sourcecode.swift; path = CalibrationViewController.swift; sourceTree = "<group>"; };
		92B15B8E2B148C860009255D /* BoatUI.app */ = {isa = PBXFileReference; explicitFileType = wrapper.application; includeInIndex = 0; path = BoatUI.app; sourceTree = BUILT_PRODUCTS_DIR; };
		92B15B912B148C860009255D /* AppDelegate.swift */ = {isa = PBXFileReference; lastKnownFileType = sourcecode.swift; path = AppDelegate.swift; sourceTree = "<group>"; };
		92B15B932B148C860009255D /* SceneDelegate.swift */ = {isa = PBXFileReference; lastKnownFileType = sourcecode.swift; path = SceneDelegate.swift; sourceTree = "<group>"; };
		92B15B952B148C860009255D /* SoundSettingViewController.swift */ = {isa = PBXFileReference; lastKnownFileType = sourcecode.swift; path = SoundSettingViewController.swift; sourceTree = "<group>"; };
		92B15B982B148C860009255D /* Base */ = {isa = PBXFileReference; lastKnownFileType = file.storyboard; name = Base; path = Base.lproj/Main.storyboard; sourceTree = "<group>"; };
		92B15B9A2B148C8A0009255D /* Assets.xcassets */ = {isa = PBXFileReference; lastKnownFileType = folder.assetcatalog; path = Assets.xcassets; sourceTree = "<group>"; };
		92B15B9D2B148C8A0009255D /* Base */ = {isa = PBXFileReference; lastKnownFileType = file.storyboard; name = Base; path = Base.lproj/LaunchScreen.storyboard; sourceTree = "<group>"; };
		92B15B9F2B148C8A0009255D /* Info.plist */ = {isa = PBXFileReference; lastKnownFileType = text.plist.xml; path = Info.plist; sourceTree = "<group>"; };
		92B15BA52B14A0220009255D /* StepperCollectionViewCell.swift */ = {isa = PBXFileReference; lastKnownFileType = sourcecode.swift; path = StepperCollectionViewCell.swift; sourceTree = "<group>"; };
		92B15BA62B14A0220009255D /* StepperCollectionViewCell.xib */ = {isa = PBXFileReference; lastKnownFileType = file.xib; path = StepperCollectionViewCell.xib; sourceTree = "<group>"; };
		92B15BAA2B14B5F90009255D /* InternalSlider.swift */ = {isa = PBXFileReference; lastKnownFileType = sourcecode.swift; path = InternalSlider.swift; sourceTree = "<group>"; };
		92B15BAC2B14B6240009255D /* VerticalSlider.swift */ = {isa = PBXFileReference; lastKnownFileType = sourcecode.swift; path = VerticalSlider.swift; sourceTree = "<group>"; };
		92B15BB42B15C6650009255D /* Metropolis-Regular.otf */ = {isa = PBXFileReference; lastKnownFileType = file; path = "Metropolis-Regular.otf"; sourceTree = "<group>"; };
		92B15BB92B15E5420009255D /* SoundPresetsCollectionViewCell.swift */ = {isa = PBXFileReference; lastKnownFileType = sourcecode.swift; path = SoundPresetsCollectionViewCell.swift; sourceTree = "<group>"; };
		92B15BBA2B15E5420009255D /* SoundPresetsCollectionViewCell.xib */ = {isa = PBXFileReference; lastKnownFileType = file.xib; path = SoundPresetsCollectionViewCell.xib; sourceTree = "<group>"; };
		92B15BBE2B15EFD60009255D /* MutableCollection+Extension.swift */ = {isa = PBXFileReference; lastKnownFileType = sourcecode.swift; path = "MutableCollection+Extension.swift"; sourceTree = "<group>"; };
		92B15BC62B15F23E0009255D /* SoundSettingViewModel.swift */ = {isa = PBXFileReference; lastKnownFileType = sourcecode.swift; path = SoundSettingViewModel.swift; sourceTree = "<group>"; };
		92B15BC82B15F26C0009255D /* SoundPresetModel.swift */ = {isa = PBXFileReference; lastKnownFileType = sourcecode.swift; path = SoundPresetModel.swift; sourceTree = "<group>"; };
		92B744162B1EF314001EE2F4 /* HeadTrackingViewController.swift */ = {isa = PBXFileReference; lastKnownFileType = sourcecode.swift; path = HeadTrackingViewController.swift; sourceTree = "<group>"; };
		92B744182B1F1B6B001EE2F4 /* Roboto-Regular.ttf */ = {isa = PBXFileReference; lastKnownFileType = file; name = "Roboto-Regular.ttf"; path = "../../../../../Downloads/Roboto/Roboto-Regular.ttf"; sourceTree = "<group>"; };
		92B744192B1F1D37001EE2F4 /* Montserrat-Medium.ttf */ = {isa = PBXFileReference; lastKnownFileType = file; name = "Montserrat-Medium.ttf"; path = "../../../../../Downloads/Montserrat (1)/static/Montserrat-Medium.ttf"; sourceTree = "<group>"; };
		92B7441A2B1F1E1D001EE2F4 /* Montserrat-SemiBold.ttf */ = {isa = PBXFileReference; lastKnownFileType = file; name = "Montserrat-SemiBold.ttf"; path = "../../../../../Downloads/Montserrat (1)/static/Montserrat-SemiBold.ttf"; sourceTree = "<group>"; };
		92B7441B2B1F2153001EE2F4 /* Inter-ExtraBold.ttf */ = {isa = PBXFileReference; lastKnownFileType = file; name = "Inter-ExtraBold.ttf"; path = "../../../../../Downloads/Inter/static/Inter-ExtraBold.ttf"; sourceTree = "<group>"; };
		92BD30E62B1DB41C00057949 /* CalibrationCollectionViewCell.swift */ = {isa = PBXFileReference; lastKnownFileType = sourcecode.swift; path = CalibrationCollectionViewCell.swift; sourceTree = "<group>"; };
		92BD30E72B1DB41C00057949 /* CalibrationCollectionViewCell.xib */ = {isa = PBXFileReference; lastKnownFileType = file.xib; path = CalibrationCollectionViewCell.xib; sourceTree = "<group>"; };
/* End PBXFileReference section */

/* Begin PBXFrameworksBuildPhase section */
		92B15B8B2B148C860009255D /* Frameworks */ = {
			isa = PBXFrameworksBuildPhase;
			buildActionMask = 2147483647;
			files = (
			);
			runOnlyForDeploymentPostprocessing = 0;
		};
/* End PBXFrameworksBuildPhase section */

/* Begin PBXGroup section */
		92B15B852B148C860009255D = {
			isa = PBXGroup;
			children = (
				92B15B902B148C860009255D /* BoatUI */,
				92B15B8F2B148C860009255D /* Products */,
			);
			sourceTree = "<group>";
		};
		92B15B8F2B148C860009255D /* Products */ = {
			isa = PBXGroup;
			children = (
				92B15B8E2B148C860009255D /* BoatUI.app */,
			);
			name = Products;
			sourceTree = "<group>";
		};
		92B15B902B148C860009255D /* BoatUI */ = {
			isa = PBXGroup;
			children = (
				92B15BC02B15F17A0009255D /* Screens */,
				92B15BB22B15C64B0009255D /* Assets */,
				92B15BA92B14B5E60009255D /* Utility */,
				92B15B912B148C860009255D /* AppDelegate.swift */,
				92B15B932B148C860009255D /* SceneDelegate.swift */,
				92B15B972B148C860009255D /* Main.storyboard */,
				92B15B9C2B148C8A0009255D /* LaunchScreen.storyboard */,
				92B15B9F2B148C8A0009255D /* Info.plist */,
			);
			path = BoatUI;
			sourceTree = "<group>";
		};
		92B15BA92B14B5E60009255D /* Utility */ = {
			isa = PBXGroup;
			children = (
				92B15BBD2B15EFA10009255D /* Extensions */,
				92B15BB82B15CF5F0009255D /* VerticalSlider */,
			);
			path = Utility;
			sourceTree = "<group>";
		};
		92B15BB12B15BA4C0009255D /* Cell */ = {
			isa = PBXGroup;
			children = (
				92B15BA52B14A0220009255D /* StepperCollectionViewCell.swift */,
				92B15BA62B14A0220009255D /* StepperCollectionViewCell.xib */,
				92B15BB92B15E5420009255D /* SoundPresetsCollectionViewCell.swift */,
				92BD30E62B1DB41C00057949 /* CalibrationCollectionViewCell.swift */,
				92BD30E72B1DB41C00057949 /* CalibrationCollectionViewCell.xib */,
				92B15BBA2B15E5420009255D /* SoundPresetsCollectionViewCell.xib */,
			);
			path = Cell;
			sourceTree = "<group>";
		};
		92B15BB22B15C64B0009255D /* Assets */ = {
			isa = PBXGroup;
			children = (
				92B15B9A2B148C8A0009255D /* Assets.xcassets */,
				92B15BB32B15C65E0009255D /* Fonts */,
			);
			path = Assets;
			sourceTree = "<group>";
		};
		92B15BB32B15C65E0009255D /* Fonts */ = {
			isa = PBXGroup;
			children = (
				92B744192B1F1D37001EE2F4 /* Montserrat-Medium.ttf */,
				92B7441B2B1F2153001EE2F4 /* Inter-ExtraBold.ttf */,
				92B7441A2B1F1E1D001EE2F4 /* Montserrat-SemiBold.ttf */,
				92B15BB42B15C6650009255D /* Metropolis-Regular.otf */,
				92B744182B1F1B6B001EE2F4 /* Roboto-Regular.ttf */,
			);
			path = Fonts;
			sourceTree = "<group>";
		};
		92B15BB82B15CF5F0009255D /* VerticalSlider */ = {
			isa = PBXGroup;
			children = (
				92B15BAA2B14B5F90009255D /* InternalSlider.swift */,
				92B15BAC2B14B6240009255D /* VerticalSlider.swift */,
			);
			path = VerticalSlider;
			sourceTree = "<group>";
		};
		92B15BBD2B15EFA10009255D /* Extensions */ = {
			isa = PBXGroup;
			children = (
				92B15BBE2B15EFD60009255D /* MutableCollection+Extension.swift */,
			);
			path = Extensions;
			sourceTree = "<group>";
		};
		92B15BC02B15F17A0009255D /* Screens */ = {
			isa = PBXGroup;
			children = (
				92B15BB12B15BA4C0009255D /* Cell */,
				92B15BC52B15F1E40009255D /* View */,
				92B15BC32B15F1B60009255D /* Model */,
				92B15BC22B15F1A50009255D /* ViewModel */,
			);
			path = Screens;
			sourceTree = "<group>";
		};
		92B15BC22B15F1A50009255D /* ViewModel */ = {
			isa = PBXGroup;
			children = (
				92B15BC62B15F23E0009255D /* SoundSettingViewModel.swift */,
			);
			path = ViewModel;
			sourceTree = "<group>";
		};
		92B15BC32B15F1B60009255D /* Model */ = {
			isa = PBXGroup;
			children = (
				92B15BC82B15F26C0009255D /* SoundPresetModel.swift */,
			);
			path = Model;
			sourceTree = "<group>";
		};
		92B15BC52B15F1E40009255D /* View */ = {
			isa = PBXGroup;
			children = (
				92B15B952B148C860009255D /* SoundSettingViewController.swift */,
				92792E672B1D9FA8004A936C /* CalibrationViewController.swift */,
				92B744162B1EF314001EE2F4 /* HeadTrackingViewController.swift */,
			);
			path = View;
			sourceTree = "<group>";
		};
/* End PBXGroup section */

/* Begin PBXNativeTarget section */
		92B15B8D2B148C860009255D /* BoatUI */ = {
			isa = PBXNativeTarget;
			buildConfigurationList = 92B15BA22B148C8A0009255D /* Build configuration list for PBXNativeTarget "BoatUI" */;
			buildPhases = (
				92B15B8A2B148C860009255D /* Sources */,
				92B15B8B2B148C860009255D /* Frameworks */,
				92B15B8C2B148C860009255D /* Resources */,
			);
			buildRules = (
			);
			dependencies = (
			);
			name = BoatUI;
			productName = BoatUI;
			productReference = 92B15B8E2B148C860009255D /* BoatUI.app */;
			productType = "com.apple.product-type.application";
		};
/* End PBXNativeTarget section */

/* Begin PBXProject section */
		92B15B862B148C860009255D /* Project object */ = {
			isa = PBXProject;
			attributes = {
				BuildIndependentTargetsInParallel = 1;
				LastSwiftUpdateCheck = 1420;
				LastUpgradeCheck = 1420;
				TargetAttributes = {
					92B15B8D2B148C860009255D = {
						CreatedOnToolsVersion = 14.2;
					};
				};
			};
			buildConfigurationList = 92B15B892B148C860009255D /* Build configuration list for PBXProject "BoatUI" */;
			compatibilityVersion = "Xcode 14.0";
			developmentRegion = en;
			hasScannedForEncodings = 0;
			knownRegions = (
				en,
				Base,
			);
			mainGroup = 92B15B852B148C860009255D;
			productRefGroup = 92B15B8F2B148C860009255D /* Products */;
			projectDirPath = "";
			projectRoot = "";
			targets = (
				92B15B8D2B148C860009255D /* BoatUI */,
			);
		};
/* End PBXProject section */

/* Begin PBXResourcesBuildPhase section */
		92B15B8C2B148C860009255D /* Resources */ = {
			isa = PBXResourcesBuildPhase;
			buildActionMask = 2147483647;
			files = (
				92B15BA82B14A0220009255D /* StepperCollectionViewCell.xib in Resources */,
				92B15BBC2B15E5420009255D /* SoundPresetsCollectionViewCell.xib in Resources */,
				92B15B9E2B148C8A0009255D /* LaunchScreen.storyboard in Resources */,
				92BD30E92B1DB41C00057949 /* CalibrationCollectionViewCell.xib in Resources */,
				92B15B9B2B148C8A0009255D /* Assets.xcassets in Resources */,
				92B15B992B148C860009255D /* Main.storyboard in Resources */,
			);
			runOnlyForDeploymentPostprocessing = 0;
		};
/* End PBXResourcesBuildPhase section */

/* Begin PBXSourcesBuildPhase section */
		92B15B8A2B148C860009255D /* Sources */ = {
			isa = PBXSourcesBuildPhase;
			buildActionMask = 2147483647;
			files = (
				92B15BC92B15F26C0009255D /* SoundPresetModel.swift in Sources */,
				92B15BA72B14A0220009255D /* StepperCollectionViewCell.swift in Sources */,
				92B15BBB2B15E5420009255D /* SoundPresetsCollectionViewCell.swift in Sources */,
				92B15B962B148C860009255D /* SoundSettingViewController.swift in Sources */,
				92792E692B1D9FA8004A936C /* CalibrationViewController.swift in Sources */,
				92B15BAD2B14B6240009255D /* VerticalSlider.swift in Sources */,
				92B15BBF2B15EFD60009255D /* MutableCollection+Extension.swift in Sources */,
				92B15BC72B15F23E0009255D /* SoundSettingViewModel.swift in Sources */,
				92B744172B1EF314001EE2F4 /* HeadTrackingViewController.swift in Sources */,
				92B15B922B148C860009255D /* AppDelegate.swift in Sources */,
				92BD30E82B1DB41C00057949 /* CalibrationCollectionViewCell.swift in Sources */,
				92B15B942B148C860009255D /* SceneDelegate.swift in Sources */,
				92B15BAB2B14B5F90009255D /* InternalSlider.swift in Sources */,
			);
			runOnlyForDeploymentPostprocessing = 0;
		};
/* End PBXSourcesBuildPhase section */

/* Begin PBXVariantGroup section */
		92B15B972B148C860009255D /* Main.storyboard */ = {
			isa = PBXVariantGroup;
			children = (
				92B15B982B148C860009255D /* Base */,
			);
			name = Main.storyboard;
			sourceTree = "<group>";
		};
		92B15B9C2B148C8A0009255D /* LaunchScreen.storyboard */ = {
			isa = PBXVariantGroup;
			children = (
				92B15B9D2B148C8A0009255D /* Base */,
			);
			name = LaunchScreen.storyboard;
			sourceTree = "<group>";
		};
/* End PBXVariantGroup section */

/* Begin XCBuildConfiguration section */
		92B15BA02B148C8A0009255D /* Debug */ = {
			isa = XCBuildConfiguration;
			buildSettings = {
				ALWAYS_SEARCH_USER_PATHS = NO;
				CLANG_ANALYZER_NONNULL = YES;
				CLANG_ANALYZER_NUMBER_OBJECT_CONVERSION = YES_AGGRESSIVE;
				CLANG_CXX_LANGUAGE_STANDARD = "gnu++20";
				CLANG_ENABLE_MODULES = YES;
				CLANG_ENABLE_OBJC_ARC = YES;
				CLANG_ENABLE_OBJC_WEAK = YES;
				CLANG_WARN_BLOCK_CAPTURE_AUTORELEASING = YES;
				CLANG_WARN_BOOL_CONVERSION = YES;
				CLANG_WARN_COMMA = YES;
				CLANG_WARN_CONSTANT_CONVERSION = YES;
				CLANG_WARN_DEPRECATED_OBJC_IMPLEMENTATIONS = YES;
				CLANG_WARN_DIRECT_OBJC_ISA_USAGE = YES_ERROR;
				CLANG_WARN_DOCUMENTATION_COMMENTS = YES;
				CLANG_WARN_EMPTY_BODY = YES;
				CLANG_WARN_ENUM_CONVERSION = YES;
				CLANG_WARN_INFINITE_RECURSION = YES;
				CLANG_WARN_INT_CONVERSION = YES;
				CLANG_WARN_NON_LITERAL_NULL_CONVERSION = YES;
				CLANG_WARN_OBJC_IMPLICIT_RETAIN_SELF = YES;
				CLANG_WARN_OBJC_LITERAL_CONVERSION = YES;
				CLANG_WARN_OBJC_ROOT_CLASS = YES_ERROR;
				CLANG_WARN_QUOTED_INCLUDE_IN_FRAMEWORK_HEADER = YES;
				CLANG_WARN_RANGE_LOOP_ANALYSIS = YES;
				CLANG_WARN_STRICT_PROTOTYPES = YES;
				CLANG_WARN_SUSPICIOUS_MOVE = YES;
				CLANG_WARN_UNGUARDED_AVAILABILITY = YES_AGGRESSIVE;
				CLANG_WARN_UNREACHABLE_CODE = YES;
				CLANG_WARN__DUPLICATE_METHOD_MATCH = YES;
				COPY_PHASE_STRIP = NO;
				DEBUG_INFORMATION_FORMAT = dwarf;
				ENABLE_STRICT_OBJC_MSGSEND = YES;
				ENABLE_TESTABILITY = YES;
				GCC_C_LANGUAGE_STANDARD = gnu11;
				GCC_DYNAMIC_NO_PIC = NO;
				GCC_NO_COMMON_BLOCKS = YES;
				GCC_OPTIMIZATION_LEVEL = 0;
				GCC_PREPROCESSOR_DEFINITIONS = (
					"DEBUG=1",
					"$(inherited)",
				);
				GCC_WARN_64_TO_32_BIT_CONVERSION = YES;
				GCC_WARN_ABOUT_RETURN_TYPE = YES_ERROR;
				GCC_WARN_UNDECLARED_SELECTOR = YES;
				GCC_WARN_UNINITIALIZED_AUTOS = YES_AGGRESSIVE;
				GCC_WARN_UNUSED_FUNCTION = YES;
				GCC_WARN_UNUSED_VARIABLE = YES;
				IPHONEOS_DEPLOYMENT_TARGET = 16.2;
				MTL_ENABLE_DEBUG_INFO = INCLUDE_SOURCE;
				MTL_FAST_MATH = YES;
				ONLY_ACTIVE_ARCH = YES;
				SDKROOT = iphoneos;
				SWIFT_ACTIVE_COMPILATION_CONDITIONS = DEBUG;
				SWIFT_OPTIMIZATION_LEVEL = "-Onone";
			};
			name = Debug;
		};
		92B15BA12B148C8A0009255D /* Release */ = {
			isa = XCBuildConfiguration;
			buildSettings = {
				ALWAYS_SEARCH_USER_PATHS = NO;
				CLANG_ANALYZER_NONNULL = YES;
				CLANG_ANALYZER_NUMBER_OBJECT_CONVERSION = YES_AGGRESSIVE;
				CLANG_CXX_LANGUAGE_STANDARD = "gnu++20";
				CLANG_ENABLE_MODULES = YES;
				CLANG_ENABLE_OBJC_ARC = YES;
				CLANG_ENABLE_OBJC_WEAK = YES;
				CLANG_WARN_BLOCK_CAPTURE_AUTORELEASING = YES;
				CLANG_WARN_BOOL_CONVERSION = YES;
				CLANG_WARN_COMMA = YES;
				CLANG_WARN_CONSTANT_CONVERSION = YES;
				CLANG_WARN_DEPRECATED_OBJC_IMPLEMENTATIONS = YES;
				CLANG_WARN_DIRECT_OBJC_ISA_USAGE = YES_ERROR;
				CLANG_WARN_DOCUMENTATION_COMMENTS = YES;
				CLANG_WARN_EMPTY_BODY = YES;
				CLANG_WARN_ENUM_CONVERSION = YES;
				CLANG_WARN_INFINITE_RECURSION = YES;
				CLANG_WARN_INT_CONVERSION = YES;
				CLANG_WARN_NON_LITERAL_NULL_CONVERSION = YES;
				CLANG_WARN_OBJC_IMPLICIT_RETAIN_SELF = YES;
				CLANG_WARN_OBJC_LITERAL_CONVERSION = YES;
				CLANG_WARN_OBJC_ROOT_CLASS = YES_ERROR;
				CLANG_WARN_QUOTED_INCLUDE_IN_FRAMEWORK_HEADER = YES;
				CLANG_WARN_RANGE_LOOP_ANALYSIS = YES;
				CLANG_WARN_STRICT_PROTOTYPES = YES;
				CLANG_WARN_SUSPICIOUS_MOVE = YES;
				CLANG_WARN_UNGUARDED_AVAILABILITY = YES_AGGRESSIVE;
				CLANG_WARN_UNREACHABLE_CODE = YES;
				CLANG_WARN__DUPLICATE_METHOD_MATCH = YES;
				COPY_PHASE_STRIP = NO;
				DEBUG_INFORMATION_FORMAT = "dwarf-with-dsym";
				ENABLE_NS_ASSERTIONS = NO;
				ENABLE_STRICT_OBJC_MSGSEND = YES;
				GCC_C_LANGUAGE_STANDARD = gnu11;
				GCC_NO_COMMON_BLOCKS = YES;
				GCC_WARN_64_TO_32_BIT_CONVERSION = YES;
				GCC_WARN_ABOUT_RETURN_TYPE = YES_ERROR;
				GCC_WARN_UNDECLARED_SELECTOR = YES;
				GCC_WARN_UNINITIALIZED_AUTOS = YES_AGGRESSIVE;
				GCC_WARN_UNUSED_FUNCTION = YES;
				GCC_WARN_UNUSED_VARIABLE = YES;
				IPHONEOS_DEPLOYMENT_TARGET = 16.2;
				MTL_ENABLE_DEBUG_INFO = NO;
				MTL_FAST_MATH = YES;
				SDKROOT = iphoneos;
				SWIFT_COMPILATION_MODE = wholemodule;
				SWIFT_OPTIMIZATION_LEVEL = "-O";
				VALIDATE_PRODUCT = YES;
			};
			name = Release;
		};
		92B15BA32B148C8A0009255D /* Debug */ = {
			isa = XCBuildConfiguration;
			buildSettings = {
				ASSETCATALOG_COMPILER_APPICON_NAME = AppIcon;
				ASSETCATALOG_COMPILER_GLOBAL_ACCENT_COLOR_NAME = AccentColor;
				CODE_SIGN_STYLE = Automatic;
				CURRENT_PROJECT_VERSION = 1;
				DEVELOPMENT_TEAM = 6J3MPC8Q7Q;
				GENERATE_INFOPLIST_FILE = YES;
				INFOPLIST_FILE = BoatUI/Info.plist;
				INFOPLIST_KEY_UIApplicationSupportsIndirectInputEvents = YES;
				INFOPLIST_KEY_UILaunchStoryboardName = LaunchScreen;
				INFOPLIST_KEY_UIMainStoryboardFile = Main;
				INFOPLIST_KEY_UISupportedInterfaceOrientations_iPad = "UIInterfaceOrientationPortrait UIInterfaceOrientationPortraitUpsideDown UIInterfaceOrientationLandscapeLeft UIInterfaceOrientationLandscapeRight";
				INFOPLIST_KEY_UISupportedInterfaceOrientations_iPhone = "UIInterfaceOrientationPortrait UIInterfaceOrientationLandscapeLeft UIInterfaceOrientationLandscapeRight";
				LD_RUNPATH_SEARCH_PATHS = (
					"$(inherited)",
					"@executable_path/Frameworks",
				);
				MARKETING_VERSION = 1.0;
				PRODUCT_BUNDLE_IDENTIFIER = Neosoft.BoatUI;
				PRODUCT_NAME = "$(TARGET_NAME)";
				SWIFT_EMIT_LOC_STRINGS = YES;
				SWIFT_VERSION = 5.0;
				TARGETED_DEVICE_FAMILY = "1,2";
			};
			name = Debug;
		};
		92B15BA42B148C8A0009255D /* Release */ = {
			isa = XCBuildConfiguration;
			buildSettings = {
				ASSETCATALOG_COMPILER_APPICON_NAME = AppIcon;
				ASSETCATALOG_COMPILER_GLOBAL_ACCENT_COLOR_NAME = AccentColor;
				CODE_SIGN_STYLE = Automatic;
				CURRENT_PROJECT_VERSION = 1;
				DEVELOPMENT_TEAM = 6J3MPC8Q7Q;
				GENERATE_INFOPLIST_FILE = YES;
				INFOPLIST_FILE = BoatUI/Info.plist;
				INFOPLIST_KEY_UIApplicationSupportsIndirectInputEvents = YES;
				INFOPLIST_KEY_UILaunchStoryboardName = LaunchScreen;
				INFOPLIST_KEY_UIMainStoryboardFile = Main;
				INFOPLIST_KEY_UISupportedInterfaceOrientations_iPad = "UIInterfaceOrientationPortrait UIInterfaceOrientationPortraitUpsideDown UIInterfaceOrientationLandscapeLeft UIInterfaceOrientationLandscapeRight";
				INFOPLIST_KEY_UISupportedInterfaceOrientations_iPhone = "UIInterfaceOrientationPortrait UIInterfaceOrientationLandscapeLeft UIInterfaceOrientationLandscapeRight";
				LD_RUNPATH_SEARCH_PATHS = (
					"$(inherited)",
					"@executable_path/Frameworks",
				);
				MARKETING_VERSION = 1.0;
				PRODUCT_BUNDLE_IDENTIFIER = Neosoft.BoatUI;
				PRODUCT_NAME = "$(TARGET_NAME)";
				SWIFT_EMIT_LOC_STRINGS = YES;
				SWIFT_VERSION = 5.0;
				TARGETED_DEVICE_FAMILY = "1,2";
			};
			name = Release;
		};
/* End XCBuildConfiguration section */

/* Begin XCConfigurationList section */
		92B15B892B148C860009255D /* Build configuration list for PBXProject "BoatUI" */ = {
			isa = XCConfigurationList;
			buildConfigurations = (
				92B15BA02B148C8A0009255D /* Debug */,
				92B15BA12B148C8A0009255D /* Release */,
			);
			defaultConfigurationIsVisible = 0;
			defaultConfigurationName = Release;
		};
		92B15BA22B148C8A0009255D /* Build configuration list for PBXNativeTarget "BoatUI" */ = {
			isa = XCConfigurationList;
			buildConfigurations = (
				92B15BA32B148C8A0009255D /* Debug */,
				92B15BA42B148C8A0009255D /* Release */,
			);
			defaultConfigurationIsVisible = 0;
			defaultConfigurationName = Release;
		};
/* End XCConfigurationList section */
	};
	rootObject = 92B15B862B148C860009255D /* Project object */;
}
